// !$*UTF8*$!
{
	archiveVersion = 1;
	classes = {
	};
	objectVersion = 55;
	objects = {

/* Begin PBXBuildFile section */
		EB9945D45449D3AA6FE00FEE /* Pods_MVVMCDemo.framework in Frameworks */ = {isa = PBXBuildFile; fileRef = B1B2CB65EC0DD1411838FE41 /* Pods_MVVMCDemo.framework */; };
		FD00B37528A1FE2500DD90EC /* DashboardCoordinator.swift in Sources */ = {isa = PBXBuildFile; fileRef = FD00B37428A1FE2500DD90EC /* DashboardCoordinator.swift */; };
		FD00B37728A1FE3E00DD90EC /* PasteBoardCoordinator.swift in Sources */ = {isa = PBXBuildFile; fileRef = FD00B37628A1FE3E00DD90EC /* PasteBoardCoordinator.swift */; };
		FD00B37A28A1FF4C00DD90EC /* ProfileCoordinator.swift in Sources */ = {isa = PBXBuildFile; fileRef = FD00B37928A1FF4C00DD90EC /* ProfileCoordinator.swift */; };
		FD00B37D28A2004100DD90EC /* ProfileViewController.swift in Sources */ = {isa = PBXBuildFile; fileRef = FD00B37C28A2004100DD90EC /* ProfileViewController.swift */; };
		FD00B37F28A204B700DD90EC /* ProfileViewModel.swift in Sources */ = {isa = PBXBuildFile; fileRef = FD00B37E28A204B700DD90EC /* ProfileViewModel.swift */; };
		FD00B38628A20FAE00DD90EC /* CustomFlowCoordinator.swift in Sources */ = {isa = PBXBuildFile; fileRef = FD00B38528A20FAE00DD90EC /* CustomFlowCoordinator.swift */; };
		FD00B38828A20FD500DD90EC /* CustomFlowViewController.swift in Sources */ = {isa = PBXBuildFile; fileRef = FD00B38728A20FD500DD90EC /* CustomFlowViewController.swift */; };
		FD00B38E28A2256B00DD90EC /* DashboardViewModel.swift in Sources */ = {isa = PBXBuildFile; fileRef = FD00B38D28A2256B00DD90EC /* DashboardViewModel.swift */; };
		FD00B39128A22BDC00DD90EC /* TrasactionTableViewCell.swift in Sources */ = {isa = PBXBuildFile; fileRef = FD00B39028A22BDC00DD90EC /* TrasactionTableViewCell.swift */; };
		FD072D0828A1836F00F7B167 /* AppDelegate.swift in Sources */ = {isa = PBXBuildFile; fileRef = FD072D0728A1836F00F7B167 /* AppDelegate.swift */; };
		FD072D0C28A1836F00F7B167 /* MainTabBarController.swift in Sources */ = {isa = PBXBuildFile; fileRef = FD072D0B28A1836F00F7B167 /* MainTabBarController.swift */; };
		FD072D1128A1837000F7B167 /* Assets.xcassets in Resources */ = {isa = PBXBuildFile; fileRef = FD072D1028A1837000F7B167 /* Assets.xcassets */; };
		FD072D1428A1837000F7B167 /* LaunchScreen.storyboard in Resources */ = {isa = PBXBuildFile; fileRef = FD072D1228A1837000F7B167 /* LaunchScreen.storyboard */; };
		FD072D2228A1886700F7B167 /* AppCoordinator.swift in Sources */ = {isa = PBXBuildFile; fileRef = FD072D2128A1886700F7B167 /* AppCoordinator.swift */; };
		FD072D7328A19EA400F7B167 /* NavigationRouter.swift in Sources */ = {isa = PBXBuildFile; fileRef = FD072D6F28A19EA400F7B167 /* NavigationRouter.swift */; };
		FD072D7928A19F7200F7B167 /* Coordinator.swift in Sources */ = {isa = PBXBuildFile; fileRef = FD072D7828A19F7200F7B167 /* Coordinator.swift */; };
		FD072D8028A1A5A300F7B167 /* LoginCoordinator.swift in Sources */ = {isa = PBXBuildFile; fileRef = FD072D7F28A1A5A300F7B167 /* LoginCoordinator.swift */; };
		FD072D8228A1A82500F7B167 /* LoginViewController.swift in Sources */ = {isa = PBXBuildFile; fileRef = FD072D8128A1A82500F7B167 /* LoginViewController.swift */; };
		FD072D8A28A1AF7500F7B167 /* BaseViewController.swift in Sources */ = {isa = PBXBuildFile; fileRef = FD072D8928A1AF7500F7B167 /* BaseViewController.swift */; };
		FD146E9C28A5E9D700D0688B /* PasteBoardListView.swift in Sources */ = {isa = PBXBuildFile; fileRef = FD146E9728A5E9D700D0688B /* PasteBoardListView.swift */; };
		FD146E9D28A5E9D700D0688B /* ConfirmDeleteViewModel.swift in Sources */ = {isa = PBXBuildFile; fileRef = FD146E9928A5E9D700D0688B /* ConfirmDeleteViewModel.swift */; };
		FD146E9E28A5E9D700D0688B /* ConfirmDeleteView.swift in Sources */ = {isa = PBXBuildFile; fileRef = FD146E9A28A5E9D700D0688B /* ConfirmDeleteView.swift */; };
		FD146E9F28A5E9D700D0688B /* PasteBoardViewModel.swift in Sources */ = {isa = PBXBuildFile; fileRef = FD146E9B28A5E9D700D0688B /* PasteBoardViewModel.swift */; };
		FD146EA328A5EA2E00D0688B /* PasteBoardDomainObject.swift in Sources */ = {isa = PBXBuildFile; fileRef = FD146EA128A5EA2E00D0688B /* PasteBoardDomainObject.swift */; };
		FD146EA428A5EA2E00D0688B /* PasteBoardRepositroy.swift in Sources */ = {isa = PBXBuildFile; fileRef = FD146EA228A5EA2E00D0688B /* PasteBoardRepositroy.swift */; };
		FD146EA828A5EB5200D0688B /* FirebaseAnalytics in Frameworks */ = {isa = PBXBuildFile; productRef = FD146EA728A5EB5200D0688B /* FirebaseAnalytics */; };
		FD146EAA28A5EB5200D0688B /* FirebaseDatabase in Frameworks */ = {isa = PBXBuildFile; productRef = FD146EA928A5EB5200D0688B /* FirebaseDatabase */; };
		FD146EAC28A5EB5200D0688B /* FirebaseDatabaseSwift in Frameworks */ = {isa = PBXBuildFile; productRef = FD146EAB28A5EB5200D0688B /* FirebaseDatabaseSwift */; };
		FD146EB028A5EB6D00D0688B /* RealtimeDatabaseRepository.swift in Sources */ = {isa = PBXBuildFile; fileRef = FD146EAE28A5EB6C00D0688B /* RealtimeDatabaseRepository.swift */; };
		FD146EB128A5EB6D00D0688B /* RealTimeDatabaseDomainObject.swift in Sources */ = {isa = PBXBuildFile; fileRef = FD146EAF28A5EB6C00D0688B /* RealTimeDatabaseDomainObject.swift */; };
		FD146EB428A5EBA800D0688B /* DataSnapshotExtension.swift in Sources */ = {isa = PBXBuildFile; fileRef = FD146EB228A5EBA800D0688B /* DataSnapshotExtension.swift */; };
		FD146EB528A5EBA800D0688B /* DictionaryExtension.swift in Sources */ = {isa = PBXBuildFile; fileRef = FD146EB328A5EBA800D0688B /* DictionaryExtension.swift */; };
		FD146EB828A5EBD300D0688B /* ProgressManager.swift in Sources */ = {isa = PBXBuildFile; fileRef = FD146EB728A5EBD300D0688B /* ProgressManager.swift */; };
		FD146EBA28A5ECD100D0688B /* GoogleService-Info.plist in Resources */ = {isa = PBXBuildFile; fileRef = FD146EB928A5ECD100D0688B /* GoogleService-Info.plist */; };
		FDE2708528A1B05F0039F04A /* RegisterViewController.swift in Sources */ = {isa = PBXBuildFile; fileRef = FDE2708428A1B05F0039F04A /* RegisterViewController.swift */; };
		FDE2708728A1B08F0039F04A /* DashboardViewController.swift in Sources */ = {isa = PBXBuildFile; fileRef = FDE2708628A1B08F0039F04A /* DashboardViewController.swift */; };
		FDE2708B28A1B17F0039F04A /* RegisterCoordinator.swift in Sources */ = {isa = PBXBuildFile; fileRef = FDE2708A28A1B17F0039F04A /* RegisterCoordinator.swift */; };
		FDE2712D28A1E74A0039F04A /* BaseTableViewCell.swift in Sources */ = {isa = PBXBuildFile; fileRef = FDE2712C28A1E74A0039F04A /* BaseTableViewCell.swift */; };
		FDE2713028A1EBA90039F04A /* BiometricsCheckViewController.swift in Sources */ = {isa = PBXBuildFile; fileRef = FDE2712F28A1EBA90039F04A /* BiometricsCheckViewController.swift */; };
		FDE2713328A1EE260039F04A /* UIControlExtension.swift in Sources */ = {isa = PBXBuildFile; fileRef = FDE2713228A1EE260039F04A /* UIControlExtension.swift */; };
		FDE2713528A1EE810039F04A /* LoginViewModel.swift in Sources */ = {isa = PBXBuildFile; fileRef = FDE2713428A1EE810039F04A /* LoginViewModel.swift */; };
		FDE2713828A1EFF40039F04A /* AuthRepository.swift in Sources */ = {isa = PBXBuildFile; fileRef = FDE2713728A1EFF40039F04A /* AuthRepository.swift */; };
		FDE2713B28A1F04C0039F04A /* AccountDomainObject.swift in Sources */ = {isa = PBXBuildFile; fileRef = FDE2713A28A1F04C0039F04A /* AccountDomainObject.swift */; };
		FDE2713D28A1F0A80039F04A /* AuthDomainObject.swift in Sources */ = {isa = PBXBuildFile; fileRef = FDE2713C28A1F0A80039F04A /* AuthDomainObject.swift */; };
		FDE2713F28A1F0DE0039F04A /* AccountRepository.swift in Sources */ = {isa = PBXBuildFile; fileRef = FDE2713E28A1F0DE0039F04A /* AccountRepository.swift */; };
		FDE2714128A1F1280039F04A /* LocalStorageClient.swift in Sources */ = {isa = PBXBuildFile; fileRef = FDE2714028A1F1280039F04A /* LocalStorageClient.swift */; };
		FDE2714328A1F1B70039F04A /* MQTTClient.swift in Sources */ = {isa = PBXBuildFile; fileRef = FDE2714228A1F1B70039F04A /* MQTTClient.swift */; };
		FDE2714528A1F1CC0039F04A /* NetworkClient.swift in Sources */ = {isa = PBXBuildFile; fileRef = FDE2714428A1F1CC0039F04A /* NetworkClient.swift */; };
/* End PBXBuildFile section */

/* Begin PBXFileReference section */
		095C916A82F1724B89D3DF52 /* Pods-MVVMCDemo.debug.xcconfig */ = {isa = PBXFileReference; includeInIndex = 1; lastKnownFileType = text.xcconfig; name = "Pods-MVVMCDemo.debug.xcconfig"; path = "Target Support Files/Pods-MVVMCDemo/Pods-MVVMCDemo.debug.xcconfig"; sourceTree = "<group>"; };
		4E1EF2F088911A75A0EF6E42 /* Pods-MVVMCDemo.release.xcconfig */ = {isa = PBXFileReference; includeInIndex = 1; lastKnownFileType = text.xcconfig; name = "Pods-MVVMCDemo.release.xcconfig"; path = "Target Support Files/Pods-MVVMCDemo/Pods-MVVMCDemo.release.xcconfig"; sourceTree = "<group>"; };
		B1B2CB65EC0DD1411838FE41 /* Pods_MVVMCDemo.framework */ = {isa = PBXFileReference; explicitFileType = wrapper.framework; includeInIndex = 0; path = Pods_MVVMCDemo.framework; sourceTree = BUILT_PRODUCTS_DIR; };
		FD00B37428A1FE2500DD90EC /* DashboardCoordinator.swift */ = {isa = PBXFileReference; lastKnownFileType = sourcecode.swift; path = DashboardCoordinator.swift; sourceTree = "<group>"; };
		FD00B37628A1FE3E00DD90EC /* PasteBoardCoordinator.swift */ = {isa = PBXFileReference; lastKnownFileType = sourcecode.swift; path = PasteBoardCoordinator.swift; sourceTree = "<group>"; };
		FD00B37928A1FF4C00DD90EC /* ProfileCoordinator.swift */ = {isa = PBXFileReference; lastKnownFileType = sourcecode.swift; path = ProfileCoordinator.swift; sourceTree = "<group>"; };
		FD00B37C28A2004100DD90EC /* ProfileViewController.swift */ = {isa = PBXFileReference; lastKnownFileType = sourcecode.swift; path = ProfileViewController.swift; sourceTree = "<group>"; };
		FD00B37E28A204B700DD90EC /* ProfileViewModel.swift */ = {isa = PBXFileReference; lastKnownFileType = sourcecode.swift; path = ProfileViewModel.swift; sourceTree = "<group>"; };
		FD00B38528A20FAE00DD90EC /* CustomFlowCoordinator.swift */ = {isa = PBXFileReference; lastKnownFileType = sourcecode.swift; path = CustomFlowCoordinator.swift; sourceTree = "<group>"; };
		FD00B38728A20FD500DD90EC /* CustomFlowViewController.swift */ = {isa = PBXFileReference; lastKnownFileType = sourcecode.swift; path = CustomFlowViewController.swift; sourceTree = "<group>"; };
		FD00B38D28A2256B00DD90EC /* DashboardViewModel.swift */ = {isa = PBXFileReference; lastKnownFileType = sourcecode.swift; path = DashboardViewModel.swift; sourceTree = "<group>"; };
		FD00B39028A22BDC00DD90EC /* TrasactionTableViewCell.swift */ = {isa = PBXFileReference; lastKnownFileType = sourcecode.swift; path = TrasactionTableViewCell.swift; sourceTree = "<group>"; };
		FD072D0428A1836F00F7B167 /* MVVMCDemo.app */ = {isa = PBXFileReference; explicitFileType = wrapper.application; includeInIndex = 0; path = MVVMCDemo.app; sourceTree = BUILT_PRODUCTS_DIR; };
		FD072D0728A1836F00F7B167 /* AppDelegate.swift */ = {isa = PBXFileReference; lastKnownFileType = sourcecode.swift; path = AppDelegate.swift; sourceTree = "<group>"; };
		FD072D0B28A1836F00F7B167 /* MainTabBarController.swift */ = {isa = PBXFileReference; lastKnownFileType = sourcecode.swift; path = MainTabBarController.swift; sourceTree = "<group>"; };
		FD072D1028A1837000F7B167 /* Assets.xcassets */ = {isa = PBXFileReference; lastKnownFileType = folder.assetcatalog; path = Assets.xcassets; sourceTree = "<group>"; };
		FD072D1328A1837000F7B167 /* Base */ = {isa = PBXFileReference; lastKnownFileType = file.storyboard; name = Base; path = Base.lproj/LaunchScreen.storyboard; sourceTree = "<group>"; };
		FD072D2128A1886700F7B167 /* AppCoordinator.swift */ = {isa = PBXFileReference; lastKnownFileType = sourcecode.swift; path = AppCoordinator.swift; sourceTree = "<group>"; };
		FD072D6F28A19EA400F7B167 /* NavigationRouter.swift */ = {isa = PBXFileReference; fileEncoding = 4; lastKnownFileType = sourcecode.swift; path = NavigationRouter.swift; sourceTree = "<group>"; };
		FD072D7828A19F7200F7B167 /* Coordinator.swift */ = {isa = PBXFileReference; lastKnownFileType = sourcecode.swift; path = Coordinator.swift; sourceTree = "<group>"; };
		FD072D7F28A1A5A300F7B167 /* LoginCoordinator.swift */ = {isa = PBXFileReference; lastKnownFileType = sourcecode.swift; path = LoginCoordinator.swift; sourceTree = "<group>"; };
		FD072D8128A1A82500F7B167 /* LoginViewController.swift */ = {isa = PBXFileReference; lastKnownFileType = sourcecode.swift; path = LoginViewController.swift; sourceTree = "<group>"; };
		FD072D8728A1AD3B00F7B167 /* Info.plist */ = {isa = PBXFileReference; fileEncoding = 4; lastKnownFileType = text.plist.xml; path = Info.plist; sourceTree = "<group>"; };
		FD072D8928A1AF7500F7B167 /* BaseViewController.swift */ = {isa = PBXFileReference; fileEncoding = 4; lastKnownFileType = sourcecode.swift; path = BaseViewController.swift; sourceTree = "<group>"; };
		FD146E9728A5E9D700D0688B /* PasteBoardListView.swift */ = {isa = PBXFileReference; fileEncoding = 4; lastKnownFileType = sourcecode.swift; path = PasteBoardListView.swift; sourceTree = "<group>"; };
		FD146E9928A5E9D700D0688B /* ConfirmDeleteViewModel.swift */ = {isa = PBXFileReference; fileEncoding = 4; lastKnownFileType = sourcecode.swift; path = ConfirmDeleteViewModel.swift; sourceTree = "<group>"; };
		FD146E9A28A5E9D700D0688B /* ConfirmDeleteView.swift */ = {isa = PBXFileReference; fileEncoding = 4; lastKnownFileType = sourcecode.swift; path = ConfirmDeleteView.swift; sourceTree = "<group>"; };
		FD146E9B28A5E9D700D0688B /* PasteBoardViewModel.swift */ = {isa = PBXFileReference; fileEncoding = 4; lastKnownFileType = sourcecode.swift; path = PasteBoardViewModel.swift; sourceTree = "<group>"; };
		FD146EA128A5EA2E00D0688B /* PasteBoardDomainObject.swift */ = {isa = PBXFileReference; fileEncoding = 4; lastKnownFileType = sourcecode.swift; path = PasteBoardDomainObject.swift; sourceTree = "<group>"; };
		FD146EA228A5EA2E00D0688B /* PasteBoardRepositroy.swift */ = {isa = PBXFileReference; fileEncoding = 4; lastKnownFileType = sourcecode.swift; path = PasteBoardRepositroy.swift; sourceTree = "<group>"; };
		FD146EAE28A5EB6C00D0688B /* RealtimeDatabaseRepository.swift */ = {isa = PBXFileReference; fileEncoding = 4; lastKnownFileType = sourcecode.swift; path = RealtimeDatabaseRepository.swift; sourceTree = "<group>"; };
		FD146EAF28A5EB6C00D0688B /* RealTimeDatabaseDomainObject.swift */ = {isa = PBXFileReference; fileEncoding = 4; lastKnownFileType = sourcecode.swift; path = RealTimeDatabaseDomainObject.swift; sourceTree = "<group>"; };
		FD146EB228A5EBA800D0688B /* DataSnapshotExtension.swift */ = {isa = PBXFileReference; fileEncoding = 4; lastKnownFileType = sourcecode.swift; path = DataSnapshotExtension.swift; sourceTree = "<group>"; };
		FD146EB328A5EBA800D0688B /* DictionaryExtension.swift */ = {isa = PBXFileReference; fileEncoding = 4; lastKnownFileType = sourcecode.swift; path = DictionaryExtension.swift; sourceTree = "<group>"; };
		FD146EB728A5EBD300D0688B /* ProgressManager.swift */ = {isa = PBXFileReference; fileEncoding = 4; lastKnownFileType = sourcecode.swift; path = ProgressManager.swift; sourceTree = "<group>"; };
		FD146EB928A5ECD100D0688B /* GoogleService-Info.plist */ = {isa = PBXFileReference; fileEncoding = 4; lastKnownFileType = text.plist.xml; path = "GoogleService-Info.plist"; sourceTree = "<group>"; };
		FDE2708428A1B05F0039F04A /* RegisterViewController.swift */ = {isa = PBXFileReference; lastKnownFileType = sourcecode.swift; path = RegisterViewController.swift; sourceTree = "<group>"; };
		FDE2708628A1B08F0039F04A /* DashboardViewController.swift */ = {isa = PBXFileReference; lastKnownFileType = sourcecode.swift; path = DashboardViewController.swift; sourceTree = "<group>"; };
		FDE2708A28A1B17F0039F04A /* RegisterCoordinator.swift */ = {isa = PBXFileReference; lastKnownFileType = sourcecode.swift; path = RegisterCoordinator.swift; sourceTree = "<group>"; };
		FDE2712C28A1E74A0039F04A /* BaseTableViewCell.swift */ = {isa = PBXFileReference; lastKnownFileType = sourcecode.swift; path = BaseTableViewCell.swift; sourceTree = "<group>"; };
		FDE2712F28A1EBA90039F04A /* BiometricsCheckViewController.swift */ = {isa = PBXFileReference; lastKnownFileType = sourcecode.swift; path = BiometricsCheckViewController.swift; sourceTree = "<group>"; };
		FDE2713228A1EE260039F04A /* UIControlExtension.swift */ = {isa = PBXFileReference; lastKnownFileType = sourcecode.swift; path = UIControlExtension.swift; sourceTree = "<group>"; };
		FDE2713428A1EE810039F04A /* LoginViewModel.swift */ = {isa = PBXFileReference; lastKnownFileType = sourcecode.swift; path = LoginViewModel.swift; sourceTree = "<group>"; };
		FDE2713728A1EFF40039F04A /* AuthRepository.swift */ = {isa = PBXFileReference; lastKnownFileType = sourcecode.swift; path = AuthRepository.swift; sourceTree = "<group>"; };
		FDE2713A28A1F04C0039F04A /* AccountDomainObject.swift */ = {isa = PBXFileReference; lastKnownFileType = sourcecode.swift; path = AccountDomainObject.swift; sourceTree = "<group>"; };
		FDE2713C28A1F0A80039F04A /* AuthDomainObject.swift */ = {isa = PBXFileReference; lastKnownFileType = sourcecode.swift; path = AuthDomainObject.swift; sourceTree = "<group>"; };
		FDE2713E28A1F0DE0039F04A /* AccountRepository.swift */ = {isa = PBXFileReference; lastKnownFileType = sourcecode.swift; path = AccountRepository.swift; sourceTree = "<group>"; };
		FDE2714028A1F1280039F04A /* LocalStorageClient.swift */ = {isa = PBXFileReference; lastKnownFileType = sourcecode.swift; path = LocalStorageClient.swift; sourceTree = "<group>"; };
		FDE2714228A1F1B70039F04A /* MQTTClient.swift */ = {isa = PBXFileReference; lastKnownFileType = sourcecode.swift; path = MQTTClient.swift; sourceTree = "<group>"; };
		FDE2714428A1F1CC0039F04A /* NetworkClient.swift */ = {isa = PBXFileReference; lastKnownFileType = sourcecode.swift; path = NetworkClient.swift; sourceTree = "<group>"; };
/* End PBXFileReference section */

/* Begin PBXFrameworksBuildPhase section */
		FD072D0128A1836F00F7B167 /* Frameworks */ = {
			isa = PBXFrameworksBuildPhase;
			buildActionMask = 2147483647;
			files = (
				FD146EAC28A5EB5200D0688B /* FirebaseDatabaseSwift in Frameworks */,
				FD146EAA28A5EB5200D0688B /* FirebaseDatabase in Frameworks */,
				FD146EA828A5EB5200D0688B /* FirebaseAnalytics in Frameworks */,
				EB9945D45449D3AA6FE00FEE /* Pods_MVVMCDemo.framework in Frameworks */,
			);
			runOnlyForDeploymentPostprocessing = 0;
		};
/* End PBXFrameworksBuildPhase section */

/* Begin PBXGroup section */
		C063EDE60854B54F6EF4EA67 /* Pods */ = {
			isa = PBXGroup;
			children = (
				095C916A82F1724B89D3DF52 /* Pods-MVVMCDemo.debug.xcconfig */,
				4E1EF2F088911A75A0EF6E42 /* Pods-MVVMCDemo.release.xcconfig */,
			);
			path = Pods;
			sourceTree = "<group>";
		};
		C7A3FA56CB640735BE218087 /* Frameworks */ = {
			isa = PBXGroup;
			children = (
				B1B2CB65EC0DD1411838FE41 /* Pods_MVVMCDemo.framework */,
			);
			name = Frameworks;
			sourceTree = "<group>";
		};
		FD00B37228A1FE0200DD90EC /* Coordinator */ = {
			isa = PBXGroup;
			children = (
				FD00B37428A1FE2500DD90EC /* DashboardCoordinator.swift */,
			);
			path = Coordinator;
			sourceTree = "<group>";
		};
		FD00B37328A1FE1100DD90EC /* Coordinator */ = {
			isa = PBXGroup;
			children = (
				FD00B37628A1FE3E00DD90EC /* PasteBoardCoordinator.swift */,
			);
			path = Coordinator;
			sourceTree = "<group>";
		};
		FD00B37828A1FF3D00DD90EC /* Coordinator */ = {
			isa = PBXGroup;
			children = (
				FD00B37928A1FF4C00DD90EC /* ProfileCoordinator.swift */,
				FD00B38528A20FAE00DD90EC /* CustomFlowCoordinator.swift */,
			);
			path = Coordinator;
			sourceTree = "<group>";
		};
		FD00B37B28A2003100DD90EC /* Profile */ = {
			isa = PBXGroup;
			children = (
				FD00B37C28A2004100DD90EC /* ProfileViewController.swift */,
				FD00B37E28A204B700DD90EC /* ProfileViewModel.swift */,
				FD00B38128A20F7300DD90EC /* CustomFlow */,
				FDE2713928A1F0370039F04A /* Repository */,
				FD00B37828A1FF3D00DD90EC /* Coordinator */,
			);
			path = Profile;
			sourceTree = "<group>";
		};
		FD00B38128A20F7300DD90EC /* CustomFlow */ = {
			isa = PBXGroup;
			children = (
				FD00B38728A20FD500DD90EC /* CustomFlowViewController.swift */,
			);
			path = CustomFlow;
			sourceTree = "<group>";
		};
		FD00B38F28A22B7100DD90EC /* Views */ = {
			isa = PBXGroup;
			children = (
				FD00B39028A22BDC00DD90EC /* TrasactionTableViewCell.swift */,
			);
			path = Views;
			sourceTree = "<group>";
		};
		FD00B42E28A25AFA00DD90EC /* Coordinator */ = {
			isa = PBXGroup;
			children = (
				FD072D7F28A1A5A300F7B167 /* LoginCoordinator.swift */,
			);
			path = Coordinator;
			sourceTree = "<group>";
		};
		FD00B42F28A3BCA700DD90EC /* Coordinator */ = {
			isa = PBXGroup;
			children = (
				FDE2708A28A1B17F0039F04A /* RegisterCoordinator.swift */,
			);
			path = Coordinator;
			sourceTree = "<group>";
		};
		FD072CFB28A1836F00F7B167 = {
			isa = PBXGroup;
			children = (
				FD072D0628A1836F00F7B167 /* MVVMCDemo */,
				FD072D0528A1836F00F7B167 /* Products */,
				C063EDE60854B54F6EF4EA67 /* Pods */,
				C7A3FA56CB640735BE218087 /* Frameworks */,
			);
			sourceTree = "<group>";
		};
		FD072D0528A1836F00F7B167 /* Products */ = {
			isa = PBXGroup;
			children = (
				FD072D0428A1836F00F7B167 /* MVVMCDemo.app */,
			);
			name = Products;
			sourceTree = "<group>";
		};
		FD072D0628A1836F00F7B167 /* MVVMCDemo */ = {
			isa = PBXGroup;
			children = (
				FD072D0728A1836F00F7B167 /* AppDelegate.swift */,
				FD072D1228A1837000F7B167 /* LaunchScreen.storyboard */,
				FD072D1D28A183A700F7B167 /* Coordinator */,
				FD072D1E28A183AE00F7B167 /* Modules */,
				FD072D1C28A183A000F7B167 /* Repository */,
				FD072D1B28A1839800F7B167 /* UIComponent */,
				FD146EB628A5EBC900D0688B /* Manager */,
				FDE2713128A1EE140039F04A /* Extension */,
				FD072D1028A1837000F7B167 /* Assets.xcassets */,
				FD072D8728A1AD3B00F7B167 /* Info.plist */,
				FD146EB928A5ECD100D0688B /* GoogleService-Info.plist */,
			);
			path = MVVMCDemo;
			sourceTree = "<group>";
		};
		FD072D1B28A1839800F7B167 /* UIComponent */ = {
			isa = PBXGroup;
			children = (
				FD072D8928A1AF7500F7B167 /* BaseViewController.swift */,
				FDE2712C28A1E74A0039F04A /* BaseTableViewCell.swift */,
			);
			path = UIComponent;
			sourceTree = "<group>";
		};
		FD072D1C28A183A000F7B167 /* Repository */ = {
			isa = PBXGroup;
			children = (
				FDE2708F28A1B2E60039F04A /* LocalStorage */,
				FDE2708D28A1B2DA0039F04A /* MQTT */,
				FDE2708C28A1B2D60039F04A /* Network */,
			);
			path = Repository;
			sourceTree = "<group>";
		};
		FD072D1D28A183A700F7B167 /* Coordinator */ = {
			isa = PBXGroup;
			children = (
				FD072D2128A1886700F7B167 /* AppCoordinator.swift */,
				FD072D7528A19EAA00F7B167 /* Base */,
			);
			path = Coordinator;
			sourceTree = "<group>";
		};
		FD072D1E28A183AE00F7B167 /* Modules */ = {
			isa = PBXGroup;
			children = (
				FD146EBB28A5EFF100D0688B /* Auth */,
				FD072D2628A19B7200F7B167 /* Main */,
			);
			path = Modules;
			sourceTree = "<group>";
		};
		FD072D2428A19B6500F7B167 /* Login */ = {
			isa = PBXGroup;
			children = (
				FD072D8128A1A82500F7B167 /* LoginViewController.swift */,
				FDE2713428A1EE810039F04A /* LoginViewModel.swift */,
				FDE2712E28A1EB8C0039F04A /* BiometricsCheck */,
				FD00B42E28A25AFA00DD90EC /* Coordinator */,
			);
			path = Login;
			sourceTree = "<group>";
		};
		FD072D2528A19B6C00F7B167 /* Register */ = {
			isa = PBXGroup;
			children = (
				FDE2708428A1B05F0039F04A /* RegisterViewController.swift */,
				FD00B42F28A3BCA700DD90EC /* Coordinator */,
			);
			path = Register;
			sourceTree = "<group>";
		};
		FD072D2628A19B7200F7B167 /* Main */ = {
			isa = PBXGroup;
			children = (
				FD072D0B28A1836F00F7B167 /* MainTabBarController.swift */,
				FD072D2728A19B8B00F7B167 /* Dashboard */,
				FD072D2828A19B9200F7B167 /* PasteBoard */,
				FD00B37B28A2003100DD90EC /* Profile */,
			);
			path = Main;
			sourceTree = "<group>";
		};
		FD072D2728A19B8B00F7B167 /* Dashboard */ = {
			isa = PBXGroup;
			children = (
				FDE2708628A1B08F0039F04A /* DashboardViewController.swift */,
				FD00B38D28A2256B00DD90EC /* DashboardViewModel.swift */,
				FD00B38F28A22B7100DD90EC /* Views */,
				FD00B37228A1FE0200DD90EC /* Coordinator */,
			);
			path = Dashboard;
			sourceTree = "<group>";
		};
		FD072D2828A19B9200F7B167 /* PasteBoard */ = {
			isa = PBXGroup;
			children = (
				FD146E9728A5E9D700D0688B /* PasteBoardListView.swift */,
				FD146E9B28A5E9D700D0688B /* PasteBoardViewModel.swift */,
				FD146E9828A5E9D700D0688B /* SubViews */,
				FD146EA528A5EA4F00D0688B /* Repository */,
				FD00B37328A1FE1100DD90EC /* Coordinator */,
			);
			path = PasteBoard;
			sourceTree = "<group>";
		};
		FD072D7528A19EAA00F7B167 /* Base */ = {
			isa = PBXGroup;
			children = (
				FD072D7828A19F7200F7B167 /* Coordinator.swift */,
				FD072D6F28A19EA400F7B167 /* NavigationRouter.swift */,
			);
			path = Base;
			sourceTree = "<group>";
		};
		FD146E9828A5E9D700D0688B /* SubViews */ = {
			isa = PBXGroup;
			children = (
				FD146E9928A5E9D700D0688B /* ConfirmDeleteViewModel.swift */,
				FD146E9A28A5E9D700D0688B /* ConfirmDeleteView.swift */,
			);
			path = SubViews;
			sourceTree = "<group>";
		};
		FD146EA028A5EA2E00D0688B /* PasteBoard */ = {
			isa = PBXGroup;
			children = (
				FD146EA128A5EA2E00D0688B /* PasteBoardDomainObject.swift */,
				FD146EA228A5EA2E00D0688B /* PasteBoardRepositroy.swift */,
			);
			path = PasteBoard;
			sourceTree = "<group>";
		};
		FD146EA528A5EA4F00D0688B /* Repository */ = {
			isa = PBXGroup;
			children = (
				FD146EA028A5EA2E00D0688B /* PasteBoard */,
				FD146EAD28A5EB6C00D0688B /* RealtimeDatabase */,
			);
			path = Repository;
			sourceTree = "<group>";
		};
		FD146EAD28A5EB6C00D0688B /* RealtimeDatabase */ = {
			isa = PBXGroup;
			children = (
				FD146EAE28A5EB6C00D0688B /* RealtimeDatabaseRepository.swift */,
				FD146EAF28A5EB6C00D0688B /* RealTimeDatabaseDomainObject.swift */,
			);
			path = RealtimeDatabase;
			sourceTree = "<group>";
		};
		FD146EB628A5EBC900D0688B /* Manager */ = {
			isa = PBXGroup;
			children = (
				FD146EB728A5EBD300D0688B /* ProgressManager.swift */,
			);
			path = Manager;
			sourceTree = "<group>";
		};
		FD146EBB28A5EFF100D0688B /* Auth */ = {
			isa = PBXGroup;
			children = (
				FD072D2428A19B6500F7B167 /* Login */,
				FD072D2528A19B6C00F7B167 /* Register */,
				FDE2713628A1EFE10039F04A /* Repository */,
			);
			path = Auth;
			sourceTree = "<group>";
		};
		FDE2708C28A1B2D60039F04A /* Network */ = {
			isa = PBXGroup;
			children = (
				FDE2714428A1F1CC0039F04A /* NetworkClient.swift */,
			);
			path = Network;
			sourceTree = "<group>";
		};
		FDE2708D28A1B2DA0039F04A /* MQTT */ = {
			isa = PBXGroup;
			children = (
				FDE2714228A1F1B70039F04A /* MQTTClient.swift */,
			);
			path = MQTT;
			sourceTree = "<group>";
		};
		FDE2708F28A1B2E60039F04A /* LocalStorage */ = {
			isa = PBXGroup;
			children = (
				FDE2714028A1F1280039F04A /* LocalStorageClient.swift */,
			);
			path = LocalStorage;
			sourceTree = "<group>";
		};
		FDE2712E28A1EB8C0039F04A /* BiometricsCheck */ = {
			isa = PBXGroup;
			children = (
				FDE2712F28A1EBA90039F04A /* BiometricsCheckViewController.swift */,
			);
			path = BiometricsCheck;
			sourceTree = "<group>";
		};
		FDE2713128A1EE140039F04A /* Extension */ = {
			isa = PBXGroup;
			children = (
				FD146EB228A5EBA800D0688B /* DataSnapshotExtension.swift */,
				FD146EB328A5EBA800D0688B /* DictionaryExtension.swift */,
				FDE2713228A1EE260039F04A /* UIControlExtension.swift */,
			);
			path = Extension;
			sourceTree = "<group>";
		};
		FDE2713628A1EFE10039F04A /* Repository */ = {
			isa = PBXGroup;
			children = (
				FDE2713C28A1F0A80039F04A /* AuthDomainObject.swift */,
				FDE2713728A1EFF40039F04A /* AuthRepository.swift */,
			);
			path = Repository;
			sourceTree = "<group>";
		};
		FDE2713928A1F0370039F04A /* Repository */ = {
			isa = PBXGroup;
			children = (
				FDE2713A28A1F04C0039F04A /* AccountDomainObject.swift */,
				FDE2713E28A1F0DE0039F04A /* AccountRepository.swift */,
			);
			path = Repository;
			sourceTree = "<group>";
		};
/* End PBXGroup section */

/* Begin PBXNativeTarget section */
		FD072D0328A1836F00F7B167 /* MVVMCDemo */ = {
			isa = PBXNativeTarget;
			buildConfigurationList = FD072D1828A1837000F7B167 /* Build configuration list for PBXNativeTarget "MVVMCDemo" */;
			buildPhases = (
				C4BA67CF72153709DFD84279 /* [CP] Check Pods Manifest.lock */,
				FD072D0028A1836F00F7B167 /* Sources */,
				FD072D0128A1836F00F7B167 /* Frameworks */,
				FD072D0228A1836F00F7B167 /* Resources */,
				72FE1977C5638E89B0304A62 /* [CP] Embed Pods Frameworks */,
			);
			buildRules = (
			);
			dependencies = (
			);
			name = MVVMCDemo;
			packageProductDependencies = (
				FD146EA728A5EB5200D0688B /* FirebaseAnalytics */,
				FD146EA928A5EB5200D0688B /* FirebaseDatabase */,
				FD146EAB28A5EB5200D0688B /* FirebaseDatabaseSwift */,
			);
			productName = MVVMCDemo;
			productReference = FD072D0428A1836F00F7B167 /* MVVMCDemo.app */;
			productType = "com.apple.product-type.application";
		};
/* End PBXNativeTarget section */

/* Begin PBXProject section */
		FD072CFC28A1836F00F7B167 /* Project object */ = {
			isa = PBXProject;
			attributes = {
				BuildIndependentTargetsInParallel = 1;
				LastSwiftUpdateCheck = 1340;
				LastUpgradeCheck = 1340;
				TargetAttributes = {
					FD072D0328A1836F00F7B167 = {
						CreatedOnToolsVersion = 13.4;
					};
				};
			};
			buildConfigurationList = FD072CFF28A1836F00F7B167 /* Build configuration list for PBXProject "MVVMCDemo" */;
			compatibilityVersion = "Xcode 13.0";
			developmentRegion = en;
			hasScannedForEncodings = 0;
			knownRegions = (
				en,
				Base,
			);
			mainGroup = FD072CFB28A1836F00F7B167;
			packageReferences = (
				FD146EA628A5EB5200D0688B /* XCRemoteSwiftPackageReference "firebase-ios-sdk" */,
			);
			productRefGroup = FD072D0528A1836F00F7B167 /* Products */;
			projectDirPath = "";
			projectRoot = "";
			targets = (
				FD072D0328A1836F00F7B167 /* MVVMCDemo */,
			);
		};
/* End PBXProject section */

/* Begin PBXResourcesBuildPhase section */
		FD072D0228A1836F00F7B167 /* Resources */ = {
			isa = PBXResourcesBuildPhase;
			buildActionMask = 2147483647;
			files = (
				FD072D1428A1837000F7B167 /* LaunchScreen.storyboard in Resources */,
				FD072D1128A1837000F7B167 /* Assets.xcassets in Resources */,
				FD146EBA28A5ECD100D0688B /* GoogleService-Info.plist in Resources */,
			);
			runOnlyForDeploymentPostprocessing = 0;
		};
/* End PBXResourcesBuildPhase section */

/* Begin PBXShellScriptBuildPhase section */
		72FE1977C5638E89B0304A62 /* [CP] Embed Pods Frameworks */ = {
			isa = PBXShellScriptBuildPhase;
			buildActionMask = 2147483647;
			files = (
			);
			inputFileListPaths = (
				"${PODS_ROOT}/Target Support Files/Pods-MVVMCDemo/Pods-MVVMCDemo-frameworks-${CONFIGURATION}-input-files.xcfilelist",
			);
			name = "[CP] Embed Pods Frameworks";
			outputFileListPaths = (
				"${PODS_ROOT}/Target Support Files/Pods-MVVMCDemo/Pods-MVVMCDemo-frameworks-${CONFIGURATION}-output-files.xcfilelist",
			);
			runOnlyForDeploymentPostprocessing = 0;
			shellPath = /bin/sh;
			shellScript = "\"${PODS_ROOT}/Target Support Files/Pods-MVVMCDemo/Pods-MVVMCDemo-frameworks.sh\"\n";
			showEnvVarsInLog = 0;
		};
		C4BA67CF72153709DFD84279 /* [CP] Check Pods Manifest.lock */ = {
			isa = PBXShellScriptBuildPhase;
			buildActionMask = 2147483647;
			files = (
			);
			inputFileListPaths = (
			);
			inputPaths = (
				"${PODS_PODFILE_DIR_PATH}/Podfile.lock",
				"${PODS_ROOT}/Manifest.lock",
			);
			name = "[CP] Check Pods Manifest.lock";
			outputFileListPaths = (
			);
			outputPaths = (
				"$(DERIVED_FILE_DIR)/Pods-MVVMCDemo-checkManifestLockResult.txt",
			);
			runOnlyForDeploymentPostprocessing = 0;
			shellPath = /bin/sh;
			shellScript = "diff \"${PODS_PODFILE_DIR_PATH}/Podfile.lock\" \"${PODS_ROOT}/Manifest.lock\" > /dev/null\nif [ $? != 0 ] ; then\n    # print error to STDERR\n    echo \"error: The sandbox is not in sync with the Podfile.lock. Run 'pod install' or update your CocoaPods installation.\" >&2\n    exit 1\nfi\n# This output is used by Xcode 'outputs' to avoid re-running this script phase.\necho \"SUCCESS\" > \"${SCRIPT_OUTPUT_FILE_0}\"\n";
			showEnvVarsInLog = 0;
		};
/* End PBXShellScriptBuildPhase section */

/* Begin PBXSourcesBuildPhase section */
		FD072D0028A1836F00F7B167 /* Sources */ = {
			isa = PBXSourcesBuildPhase;
			buildActionMask = 2147483647;
			files = (
				FDE2713F28A1F0DE0039F04A /* AccountRepository.swift in Sources */,
				FD072D8228A1A82500F7B167 /* LoginViewController.swift in Sources */,
				FD00B37F28A204B700DD90EC /* ProfileViewModel.swift in Sources */,
				FDE2708528A1B05F0039F04A /* RegisterViewController.swift in Sources */,
				FDE2713828A1EFF40039F04A /* AuthRepository.swift in Sources */,
				FD072D2228A1886700F7B167 /* AppCoordinator.swift in Sources */,
				FD146E9E28A5E9D700D0688B /* ConfirmDeleteView.swift in Sources */,
				FD00B37728A1FE3E00DD90EC /* PasteBoardCoordinator.swift in Sources */,
				FDE2708B28A1B17F0039F04A /* RegisterCoordinator.swift in Sources */,
				FD146EA328A5EA2E00D0688B /* PasteBoardDomainObject.swift in Sources */,
				FD146EB828A5EBD300D0688B /* ProgressManager.swift in Sources */,
				FD146E9D28A5E9D700D0688B /* ConfirmDeleteViewModel.swift in Sources */,
				FD072D0C28A1836F00F7B167 /* MainTabBarController.swift in Sources */,
				FD00B38628A20FAE00DD90EC /* CustomFlowCoordinator.swift in Sources */,
				FDE2713B28A1F04C0039F04A /* AccountDomainObject.swift in Sources */,
				FD072D8A28A1AF7500F7B167 /* BaseViewController.swift in Sources */,
				FDE2713528A1EE810039F04A /* LoginViewModel.swift in Sources */,
				FD146EA428A5EA2E00D0688B /* PasteBoardRepositroy.swift in Sources */,
				FD00B37528A1FE2500DD90EC /* DashboardCoordinator.swift in Sources */,
				FD00B38E28A2256B00DD90EC /* DashboardViewModel.swift in Sources */,
				FD146E9F28A5E9D700D0688B /* PasteBoardViewModel.swift in Sources */,
				FDE2708728A1B08F0039F04A /* DashboardViewController.swift in Sources */,
				FD072D0828A1836F00F7B167 /* AppDelegate.swift in Sources */,
				FD00B38828A20FD500DD90EC /* CustomFlowViewController.swift in Sources */,
				FD146EB428A5EBA800D0688B /* DataSnapshotExtension.swift in Sources */,
				FD072D7928A19F7200F7B167 /* Coordinator.swift in Sources */,
				FD00B37A28A1FF4C00DD90EC /* ProfileCoordinator.swift in Sources */,
				FD072D8028A1A5A300F7B167 /* LoginCoordinator.swift in Sources */,
				FD00B37D28A2004100DD90EC /* ProfileViewController.swift in Sources */,
				FD00B39128A22BDC00DD90EC /* TrasactionTableViewCell.swift in Sources */,
				FD146EB128A5EB6D00D0688B /* RealTimeDatabaseDomainObject.swift in Sources */,
				FDE2713328A1EE260039F04A /* UIControlExtension.swift in Sources */,
				FDE2714128A1F1280039F04A /* LocalStorageClient.swift in Sources */,
				FDE2713028A1EBA90039F04A /* BiometricsCheckViewController.swift in Sources */,
				FD146EB528A5EBA800D0688B /* DictionaryExtension.swift in Sources */,
				FDE2714328A1F1B70039F04A /* MQTTClient.swift in Sources */,
				FD072D7328A19EA400F7B167 /* NavigationRouter.swift in Sources */,
				FDE2712D28A1E74A0039F04A /* BaseTableViewCell.swift in Sources */,
				FDE2713D28A1F0A80039F04A /* AuthDomainObject.swift in Sources */,
				FD146E9C28A5E9D700D0688B /* PasteBoardListView.swift in Sources */,
				FD146EB028A5EB6D00D0688B /* RealtimeDatabaseRepository.swift in Sources */,
				FDE2714528A1F1CC0039F04A /* NetworkClient.swift in Sources */,
			);
			runOnlyForDeploymentPostprocessing = 0;
		};
/* End PBXSourcesBuildPhase section */

/* Begin PBXVariantGroup section */
		FD072D1228A1837000F7B167 /* LaunchScreen.storyboard */ = {
			isa = PBXVariantGroup;
			children = (
				FD072D1328A1837000F7B167 /* Base */,
			);
			name = LaunchScreen.storyboard;
			sourceTree = "<group>";
		};
/* End PBXVariantGroup section */

/* Begin XCBuildConfiguration section */
		FD072D1628A1837000F7B167 /* Debug */ = {
			isa = XCBuildConfiguration;
			buildSettings = {
				ALWAYS_SEARCH_USER_PATHS = NO;
				CLANG_ANALYZER_NONNULL = YES;
				CLANG_ANALYZER_NUMBER_OBJECT_CONVERSION = YES_AGGRESSIVE;
				CLANG_CXX_LANGUAGE_STANDARD = "gnu++17";
				CLANG_ENABLE_MODULES = YES;
				CLANG_ENABLE_OBJC_ARC = YES;
				CLANG_ENABLE_OBJC_WEAK = YES;
				CLANG_WARN_BLOCK_CAPTURE_AUTORELEASING = YES;
				CLANG_WARN_BOOL_CONVERSION = YES;
				CLANG_WARN_COMMA = YES;
				CLANG_WARN_CONSTANT_CONVERSION = YES;
				CLANG_WARN_DEPRECATED_OBJC_IMPLEMENTATIONS = YES;
				CLANG_WARN_DIRECT_OBJC_ISA_USAGE = YES_ERROR;
				CLANG_WARN_DOCUMENTATION_COMMENTS = YES;
				CLANG_WARN_EMPTY_BODY = YES;
				CLANG_WARN_ENUM_CONVERSION = YES;
				CLANG_WARN_INFINITE_RECURSION = YES;
				CLANG_WARN_INT_CONVERSION = YES;
				CLANG_WARN_NON_LITERAL_NULL_CONVERSION = YES;
				CLANG_WARN_OBJC_IMPLICIT_RETAIN_SELF = YES;
				CLANG_WARN_OBJC_LITERAL_CONVERSION = YES;
				CLANG_WARN_OBJC_ROOT_CLASS = YES_ERROR;
				CLANG_WARN_QUOTED_INCLUDE_IN_FRAMEWORK_HEADER = YES;
				CLANG_WARN_RANGE_LOOP_ANALYSIS = YES;
				CLANG_WARN_STRICT_PROTOTYPES = YES;
				CLANG_WARN_SUSPICIOUS_MOVE = YES;
				CLANG_WARN_UNGUARDED_AVAILABILITY = YES_AGGRESSIVE;
				CLANG_WARN_UNREACHABLE_CODE = YES;
				CLANG_WARN__DUPLICATE_METHOD_MATCH = YES;
				COPY_PHASE_STRIP = NO;
				DEBUG_INFORMATION_FORMAT = dwarf;
				ENABLE_STRICT_OBJC_MSGSEND = YES;
				ENABLE_TESTABILITY = YES;
				GCC_C_LANGUAGE_STANDARD = gnu11;
				GCC_DYNAMIC_NO_PIC = NO;
				GCC_NO_COMMON_BLOCKS = YES;
				GCC_OPTIMIZATION_LEVEL = 0;
				GCC_PREPROCESSOR_DEFINITIONS = (
					"DEBUG=1",
					"$(inherited)",
				);
				GCC_WARN_64_TO_32_BIT_CONVERSION = YES;
				GCC_WARN_ABOUT_RETURN_TYPE = YES_ERROR;
				GCC_WARN_UNDECLARED_SELECTOR = YES;
				GCC_WARN_UNINITIALIZED_AUTOS = YES_AGGRESSIVE;
				GCC_WARN_UNUSED_FUNCTION = YES;
				GCC_WARN_UNUSED_VARIABLE = YES;
				IPHONEOS_DEPLOYMENT_TARGET = 15.5;
				MTL_ENABLE_DEBUG_INFO = INCLUDE_SOURCE;
				MTL_FAST_MATH = YES;
				ONLY_ACTIVE_ARCH = YES;
				SDKROOT = iphoneos;
				SWIFT_ACTIVE_COMPILATION_CONDITIONS = DEBUG;
				SWIFT_OPTIMIZATION_LEVEL = "-Onone";
			};
			name = Debug;
		};
		FD072D1728A1837000F7B167 /* Release */ = {
			isa = XCBuildConfiguration;
			buildSettings = {
				ALWAYS_SEARCH_USER_PATHS = NO;
				CLANG_ANALYZER_NONNULL = YES;
				CLANG_ANALYZER_NUMBER_OBJECT_CONVERSION = YES_AGGRESSIVE;
				CLANG_CXX_LANGUAGE_STANDARD = "gnu++17";
				CLANG_ENABLE_MODULES = YES;
				CLANG_ENABLE_OBJC_ARC = YES;
				CLANG_ENABLE_OBJC_WEAK = YES;
				CLANG_WARN_BLOCK_CAPTURE_AUTORELEASING = YES;
				CLANG_WARN_BOOL_CONVERSION = YES;
				CLANG_WARN_COMMA = YES;
				CLANG_WARN_CONSTANT_CONVERSION = YES;
				CLANG_WARN_DEPRECATED_OBJC_IMPLEMENTATIONS = YES;
				CLANG_WARN_DIRECT_OBJC_ISA_USAGE = YES_ERROR;
				CLANG_WARN_DOCUMENTATION_COMMENTS = YES;
				CLANG_WARN_EMPTY_BODY = YES;
				CLANG_WARN_ENUM_CONVERSION = YES;
				CLANG_WARN_INFINITE_RECURSION = YES;
				CLANG_WARN_INT_CONVERSION = YES;
				CLANG_WARN_NON_LITERAL_NULL_CONVERSION = YES;
				CLANG_WARN_OBJC_IMPLICIT_RETAIN_SELF = YES;
				CLANG_WARN_OBJC_LITERAL_CONVERSION = YES;
				CLANG_WARN_OBJC_ROOT_CLASS = YES_ERROR;
				CLANG_WARN_QUOTED_INCLUDE_IN_FRAMEWORK_HEADER = YES;
				CLANG_WARN_RANGE_LOOP_ANALYSIS = YES;
				CLANG_WARN_STRICT_PROTOTYPES = YES;
				CLANG_WARN_SUSPICIOUS_MOVE = YES;
				CLANG_WARN_UNGUARDED_AVAILABILITY = YES_AGGRESSIVE;
				CLANG_WARN_UNREACHABLE_CODE = YES;
				CLANG_WARN__DUPLICATE_METHOD_MATCH = YES;
				COPY_PHASE_STRIP = NO;
				DEBUG_INFORMATION_FORMAT = "dwarf-with-dsym";
				ENABLE_NS_ASSERTIONS = NO;
				ENABLE_STRICT_OBJC_MSGSEND = YES;
				GCC_C_LANGUAGE_STANDARD = gnu11;
				GCC_NO_COMMON_BLOCKS = YES;
				GCC_WARN_64_TO_32_BIT_CONVERSION = YES;
				GCC_WARN_ABOUT_RETURN_TYPE = YES_ERROR;
				GCC_WARN_UNDECLARED_SELECTOR = YES;
				GCC_WARN_UNINITIALIZED_AUTOS = YES_AGGRESSIVE;
				GCC_WARN_UNUSED_FUNCTION = YES;
				GCC_WARN_UNUSED_VARIABLE = YES;
				IPHONEOS_DEPLOYMENT_TARGET = 15.5;
				MTL_ENABLE_DEBUG_INFO = NO;
				MTL_FAST_MATH = YES;
				SDKROOT = iphoneos;
				SWIFT_COMPILATION_MODE = wholemodule;
				SWIFT_OPTIMIZATION_LEVEL = "-O";
				VALIDATE_PRODUCT = YES;
			};
			name = Release;
		};
		FD072D1928A1837000F7B167 /* Debug */ = {
			isa = XCBuildConfiguration;
			baseConfigurationReference = 095C916A82F1724B89D3DF52 /* Pods-MVVMCDemo.debug.xcconfig */;
			buildSettings = {
				ASSETCATALOG_COMPILER_APPICON_NAME = AppIcon;
				ASSETCATALOG_COMPILER_GLOBAL_ACCENT_COLOR_NAME = AccentColor;
				CODE_SIGN_STYLE = Automatic;
				CURRENT_PROJECT_VERSION = 1;
				GENERATE_INFOPLIST_FILE = YES;
				INFOPLIST_FILE = MVVMCDemo/Info.plist;
				INFOPLIST_KEY_UIApplicationSupportsIndirectInputEvents = YES;
				INFOPLIST_KEY_UILaunchStoryboardName = LaunchScreen;
				INFOPLIST_KEY_UIMainStoryboardFile = LaunchScreen;
				INFOPLIST_KEY_UISupportedInterfaceOrientations_iPad = "UIInterfaceOrientationPortrait UIInterfaceOrientationPortraitUpsideDown UIInterfaceOrientationLandscapeLeft UIInterfaceOrientationLandscapeRight";
				INFOPLIST_KEY_UISupportedInterfaceOrientations_iPhone = "UIInterfaceOrientationPortrait UIInterfaceOrientationLandscapeLeft UIInterfaceOrientationLandscapeRight";
				LD_RUNPATH_SEARCH_PATHS = (
					"$(inherited)",
					"@executable_path/Frameworks",
				);
				MARKETING_VERSION = 1.0;
				PRODUCT_BUNDLE_IDENTIFIER = com.book.su.MVVMCDemo;
				PRODUCT_NAME = "$(TARGET_NAME)";
				SWIFT_EMIT_LOC_STRINGS = YES;
				SWIFT_VERSION = 5.0;
				TARGETED_DEVICE_FAMILY = "1,2";
			};
			name = Debug;
		};
		FD072D1A28A1837000F7B167 /* Release */ = {
			isa = XCBuildConfiguration;
			baseConfigurationReference = 4E1EF2F088911A75A0EF6E42 /* Pods-MVVMCDemo.release.xcconfig */;
			buildSettings = {
				ASSETCATALOG_COMPILER_APPICON_NAME = AppIcon;
				ASSETCATALOG_COMPILER_GLOBAL_ACCENT_COLOR_NAME = AccentColor;
				CODE_SIGN_STYLE = Automatic;
				CURRENT_PROJECT_VERSION = 1;
				GENERATE_INFOPLIST_FILE = YES;
				INFOPLIST_FILE = MVVMCDemo/Info.plist;
				INFOPLIST_KEY_UIApplicationSupportsIndirectInputEvents = YES;
				INFOPLIST_KEY_UILaunchStoryboardName = LaunchScreen;
				INFOPLIST_KEY_UIMainStoryboardFile = LaunchScreen;
				INFOPLIST_KEY_UISupportedInterfaceOrientations_iPad = "UIInterfaceOrientationPortrait UIInterfaceOrientationPortraitUpsideDown UIInterfaceOrientationLandscapeLeft UIInterfaceOrientationLandscapeRight";
				INFOPLIST_KEY_UISupportedInterfaceOrientations_iPhone = "UIInterfaceOrientationPortrait UIInterfaceOrientationLandscapeLeft UIInterfaceOrientationLandscapeRight";
				LD_RUNPATH_SEARCH_PATHS = (
					"$(inherited)",
					"@executable_path/Frameworks",
				);
				MARKETING_VERSION = 1.0;
				PRODUCT_BUNDLE_IDENTIFIER = com.book.su.MVVMCDemo;
				PRODUCT_NAME = "$(TARGET_NAME)";
				SWIFT_EMIT_LOC_STRINGS = YES;
				SWIFT_VERSION = 5.0;
				TARGETED_DEVICE_FAMILY = "1,2";
			};
			name = Release;
		};
/* End XCBuildConfiguration section */

/* Begin XCConfigurationList section */
		FD072CFF28A1836F00F7B167 /* Build configuration list for PBXProject "MVVMCDemo" */ = {
			isa = XCConfigurationList;
			buildConfigurations = (
				FD072D1628A1837000F7B167 /* Debug */,
				FD072D1728A1837000F7B167 /* Release */,
			);
			defaultConfigurationIsVisible = 0;
			defaultConfigurationName = Release;
		};
		FD072D1828A1837000F7B167 /* Build configuration list for PBXNativeTarget "MVVMCDemo" */ = {
			isa = XCConfigurationList;
			buildConfigurations = (
				FD072D1928A1837000F7B167 /* Debug */,
				FD072D1A28A1837000F7B167 /* Release */,
			);
			defaultConfigurationIsVisible = 0;
			defaultConfigurationName = Release;
		};
/* End XCConfigurationList section */

/* Begin XCRemoteSwiftPackageReference section */
		FD146EA628A5EB5200D0688B /* XCRemoteSwiftPackageReference "firebase-ios-sdk" */ = {
			isa = XCRemoteSwiftPackageReference;
			repositoryURL = "https://github.com/firebase/firebase-ios-sdk";
			requirement = {
				branch = master;
				kind = branch;
			};
		};
/* End XCRemoteSwiftPackageReference section */

/* Begin XCSwiftPackageProductDependency section */
		FD146EA728A5EB5200D0688B /* FirebaseAnalytics */ = {
			isa = XCSwiftPackageProductDependency;
			package = FD146EA628A5EB5200D0688B /* XCRemoteSwiftPackageReference "firebase-ios-sdk" */;
			productName = FirebaseAnalytics;
		};
		FD146EA928A5EB5200D0688B /* FirebaseDatabase */ = {
			isa = XCSwiftPackageProductDependency;
			package = FD146EA628A5EB5200D0688B /* XCRemoteSwiftPackageReference "firebase-ios-sdk" */;
			productName = FirebaseDatabase;
		};
		FD146EAB28A5EB5200D0688B /* FirebaseDatabaseSwift */ = {
			isa = XCSwiftPackageProductDependency;
			package = FD146EA628A5EB5200D0688B /* XCRemoteSwiftPackageReference "firebase-ios-sdk" */;
			productName = FirebaseDatabaseSwift;
		};
/* End XCSwiftPackageProductDependency section */
	};
	rootObject = FD072CFC28A1836F00F7B167 /* Project object */;
}
